github.com/boxesandglue/baseline-pdf v1.1.0 h1:QAsuzau4KvdAvHB166Jf2RehIVwpgGxH4GvNhXX61gU=
github.com/boxesandglue/baseline-pdf v1.1.0/go.mod h1:N0O0C23pktbAilVVVRmcJwVeEBPlASJSek2aYQbW5D8=
github.com/boxesandglue/gofpdi v1.0.21 h1:3smZ4iP1LiegX/mvDDMoJMNbfrnR0DPyRpzygBQ5Ooo=
github.com/boxesandglue/gofpdi v1.0.21/go.mod h1:4wg4byd8re5WDzpSp9F4ODu5UjbeBc0sXXx15HTK4OI=
github.com/boxesandglue/textshape v0.0.3 h1:8FL68de6EMm1rqkvjiUGzYBcTBl1onV0fD+MXaacX6c=
github.com/boxesandglue/textshape v0.0.3/go.mod h1:742L5KOFG5k6Th0T4dm24TzSEpih2V4VQIgNiOF01vE=
